
Microsoft Visual Studio Solution File, Format Version 12.00
# Visual Studio Version 17
VisualStudioVersion = 17.14.36401.2 d17.14
MinimumVisualStudioVersion = 10.0.40219.1
Project("{FAE04EC0-301F-11D3-BF4B-00C04F79EFBC}") = "EECBET", "EECBET\EECBET.csproj", "{ADAA4555-8954-4A0B-8094-7B07A8C24746}"
EndProject
Global
	GlobalSection(SolutionConfigurationPlatforms) = preSolution
		Debug|Any CPU = Debug|Any CPU
		Release|Any CPU = Release|Any CPU
	EndGlobalSection
	GlobalSection(ProjectConfigurationPlatforms) = postSolution
		{ADAA4555-8954-4A0B-8094-7B07A8C24746}.Debug|Any CPU.ActiveCfg = Debug|Any CPU
		{ADAA4555-8954-4A0B-8094-7B07A8C24746}.Debug|Any CPU.Build.0 = Debug|Any CPU
		{ADAA4555-8954-4A0B-8094-7B07A8C24746}.Release|Any CPU.ActiveCfg = Release|Any CPU
		{ADAA4555-8954-4A0B-8094-7B07A8C24746}.Release|Any CPU.Build.0 = Release|Any CPU
	EndGlobalSection
	GlobalSection(SolutionProperties) = preSolution
		HideSolutionNode = FALSE
	EndGlobalSection
	GlobalSection(ExtensibilityGlobals) = postSolution
		SolutionGuid = {738AC413-8A74-4FEC-B1C5-0876D30DC861}
	EndGlobalSection
EndGlobal
